
Microsoft Visual Studio Solution File, Format Version 12.00
# Visual Studio 15
VisualStudioVersion = 15.0.27703.2026
MinimumVisualStudioVersion = 10.0.40219.1
Project("{888888A0-9F3D-457C-B088-3A5042F75D52}") = "PrisonPlanet", "PrisonPlanet\PrisonPlanet.pyproj", "{FED17BB2-B30F-4B41-B178-03392410FD37}"
EndProject
Global
	GlobalSection(SolutionConfigurationPlatforms) = preSolution
		Debug|Any CPU = Debug|Any CPU
		Release|Any CPU = Release|Any CPU
	EndGlobalSection
	GlobalSection(ProjectConfigurationPlatforms) = postSolution
		{FED17BB2-B30F-4B41-B178-03392410FD37}.Debug|Any CPU.ActiveCfg = Debug|Any CPU
		{FED17BB2-B30F-4B41-B178-03392410FD37}.Release|Any CPU.ActiveCfg = Release|Any CPU
	EndGlobalSection
	GlobalSection(SolutionProperties) = preSolution
		HideSolutionNode = FALSE
	EndGlobalSection
	GlobalSection(ExtensibilityGlobals) = postSolution
		SolutionGuid = {3CFB2822-682C-4FA0-8922-F3DFD48564CA}
	EndGlobalSection
EndGlobal
